
Microsoft Visual Studio Solution File, Format Version 12.00
# Visual Studio Version 17
VisualStudioVersion = 17.14.36518.9 d17.14
MinimumVisualStudioVersion = 10.0.40219.1
Project("{FAE04EC0-301F-11D3-BF4B-00C04F79EFBC}") = "SchoolBusRouteTrack", "SchoolBusRouteTrack\SchoolBusRouteTrack.csproj", "{D21119B4-72DD-4CAF-A004-2256E179D78C}"
EndProject
Global
	GlobalSection(SolutionConfigurationPlatforms) = preSolution
		Debug|Any CPU = Debug|Any CPU
		Release|Any CPU = Release|Any CPU
	EndGlobalSection
	GlobalSection(ProjectConfigurationPlatforms) = postSolution
		{D21119B4-72DD-4CAF-A004-2256E179D78C}.Debug|Any CPU.ActiveCfg = Debug|Any CPU
		{D21119B4-72DD-4CAF-A004-2256E179D78C}.Debug|Any CPU.Build.0 = Debug|Any CPU
		{D21119B4-72DD-4CAF-A004-2256E179D78C}.Release|Any CPU.ActiveCfg = Release|Any CPU
		{D21119B4-72DD-4CAF-A004-2256E179D78C}.Release|Any CPU.Build.0 = Release|Any CPU
	EndGlobalSection
	GlobalSection(SolutionProperties) = preSolution
		HideSolutionNode = FALSE
	EndGlobalSection
	GlobalSection(ExtensibilityGlobals) = postSolution
		SolutionGuid = {ED8AF835-D94D-46E3-A177-BD91B0E36BCF}
	EndGlobalSection
EndGlobal
